
Microsoft Visual Studio Solution File, Format Version 12.00
# Visual Studio 2015
Project("{FAE04EC0-301F-11D3-BF4B-00C04F79EFBC}") = "Spooky.Plugins", "Spooky.Plugins.csproj", "{5C979E7D-4F4D-0E61-6113-26648AA2D63E}"
EndProject
Project("{FAE04EC0-301F-11D3-BF4B-00C04F79EFBC}") = "Spooky", "Spooky.csproj", "{12F8BE1D-EC08-4606-2B92-D74BBDDA1607}"
EndProject
Project("{FAE04EC0-301F-11D3-BF4B-00C04F79EFBC}") = "Spooky.Editor", "Spooky.Editor.csproj", "{E3280C4D-42AB-7FBF-A31C-BA7E1CF2C9BA}"
EndProject
Global
	GlobalSection(SolutionConfigurationPlatforms) = preSolution
		Debug|Any CPU = Debug|Any CPU
		Release|Any CPU = Release|Any CPU
	EndGlobalSection
	GlobalSection(ProjectConfigurationPlatforms) = postSolution
		{5C979E7D-4F4D-0E61-6113-26648AA2D63E}.Debug|Any CPU.ActiveCfg = Debug|Any CPU
		{5C979E7D-4F4D-0E61-6113-26648AA2D63E}.Debug|Any CPU.Build.0 = Debug|Any CPU
		{5C979E7D-4F4D-0E61-6113-26648AA2D63E}.Release|Any CPU.ActiveCfg = Release|Any CPU
		{5C979E7D-4F4D-0E61-6113-26648AA2D63E}.Release|Any CPU.Build.0 = Release|Any CPU
		{12F8BE1D-EC08-4606-2B92-D74BBDDA1607}.Debug|Any CPU.ActiveCfg = Debug|Any CPU
		{12F8BE1D-EC08-4606-2B92-D74BBDDA1607}.Debug|Any CPU.Build.0 = Debug|Any CPU
		{12F8BE1D-EC08-4606-2B92-D74BBDDA1607}.Release|Any CPU.ActiveCfg = Release|Any CPU
		{12F8BE1D-EC08-4606-2B92-D74BBDDA1607}.Release|Any CPU.Build.0 = Release|Any CPU
		{E3280C4D-42AB-7FBF-A31C-BA7E1CF2C9BA}.Debug|Any CPU.ActiveCfg = Debug|Any CPU
		{E3280C4D-42AB-7FBF-A31C-BA7E1CF2C9BA}.Debug|Any CPU.Build.0 = Debug|Any CPU
		{E3280C4D-42AB-7FBF-A31C-BA7E1CF2C9BA}.Release|Any CPU.ActiveCfg = Release|Any CPU
		{E3280C4D-42AB-7FBF-A31C-BA7E1CF2C9BA}.Release|Any CPU.Build.0 = Release|Any CPU
	EndGlobalSection
	GlobalSection(SolutionProperties) = preSolution
		HideSolutionNode = FALSE
	EndGlobalSection
EndGlobal
